<?xml version="1.0" encoding="utf-8"?>
<Project ToolsVersion="4.0" xmlns="http://schemas.microsoft.com/developer/msbuild/2003">
  <ItemGroup>
    <Filter Include="ソース ファイル">
      <UniqueIdentifier>{4FC737F1-C7A5-4376-A066-2A32D752A2FF}</UniqueIdentifier>
      <Extensions>cpp;c;cc;cxx;def;odl;idl;hpj;bat;asm;asmx</Extensions>
    </Filter>
    <Filter Include="ヘッダー ファイル">
      <UniqueIdentifier>{93995380-89BD-4b04-88EB-625FBE52EBFB}</UniqueIdentifier>
      <Extensions>h;hh;hpp;hxx;hm;inl;inc;xsd</Extensions>
    </Filter>
    <Filter Include="リソース ファイル">
      <UniqueIdentifier>{67DA6AB6-F800-4c08-8B7A-83BB121AAD01}</UniqueIdentifier>
      <Extensions>rc;ico;cur;bmp;dlg;rc2;rct;bin;rgs;gif;jpg;jpeg;jpe;resx;tiff;tif;png;wav;mfcribbon-ms</Extensions>
    </Filter>
    <Filter Include="ソース ファイル\Server">
      <UniqueIdentifier>{7a212545-c795-4490-820f-4df01b7c6abc}</UniqueIdentifier>
    </Filter>
    <Filter Include="ソース ファイル\Library">
      <UniqueIdentifier>{1a9a5fc9-8cc3-4bd1-966e-27ed918702b5}</UniqueIdentifier>
    </Filter>
    <Filter Include="ソース ファイル\Library\Cipher">
      <UniqueIdentifier>{c7eece06-af97-42f5-b6f9-ca83299d494e}</UniqueIdentifier>
    </Filter>
    <Filter Include="ソース ファイル\Library\Cipher\OpenSSLAES">
      <UniqueIdentifier>{b3f56cb3-c71e-42e5-8582-e0c0ba29b303}</UniqueIdentifier>
    </Filter>
    <Filter Include="ソース ファイル\Library\Cipher\OpenSSLDH">
      <UniqueIdentifier>{855a73a0-1e0c-440c-9273-c6498722380b}</UniqueIdentifier>
    </Filter>
    <Filter Include="ソース ファイル\Server\CurlWrapper">
      <UniqueIdentifier>{65d815b4-2b91-4b62-a275-cc479c355313}</UniqueIdentifier>
    </Filter>
    <Filter Include="ソース ファイル\Library\Cipher\OpenSSLRSA">
      <UniqueIdentifier>{7fb7d8e9-a987-4c19-bbf6-e96d25802e13}</UniqueIdentifier>
    </Filter>
    <Filter Include="ソース ファイル\Library\json">
      <UniqueIdentifier>{e15d25b9-4ea4-4f80-b45f-7d301da8be21}</UniqueIdentifier>
    </Filter>
  </ItemGroup>
  <ItemGroup>
    <ClCompile Include="src\Library\Data.cpp">
      <Filter>ソース ファイル\Library</Filter>
    </ClCompile>
    <ClCompile Include="src\Library\ExtensionMutex.cpp">
      <Filter>ソース ファイル\Library</Filter>
    </ClCompile>
    <ClCompile Include="src\Server\Server.cpp">
      <Filter>ソース ファイル\Server</Filter>
    </ClCompile>
    <ClCompile Include="src\main.cpp">
      <Filter>ソース ファイル</Filter>
    </ClCompile>
    <ClCompile Include="src\Library\Cipher\Cipher.cpp">
      <Filter>ソース ファイル\Library\Cipher</Filter>
    </ClCompile>
    <ClCompile Include="src\Library\Cipher\OpenSSLAES.cpp">
      <Filter>ソース ファイル\Library\Cipher\OpenSSLAES</Filter>
    </ClCompile>
    <ClCompile Include="src\Library\Cipher\OpenSSLDH.cpp">
      <Filter>ソース ファイル\Library\Cipher\OpenSSLDH</Filter>
    </ClCompile>
    <ClCompile Include="src\Server\Client.cpp">
      <Filter>ソース ファイル\Server</Filter>
    </ClCompile>
    <ClCompile Include="src\Server\ClientController.cpp">
      <Filter>ソース ファイル\Server</Filter>
    </ClCompile>
    <ClCompile Include="src\Server\Socket.cpp">
      <Filter>ソース ファイル\Server</Filter>
    </ClCompile>
    <ClCompile Include="src\Server\CurlWrapper.cpp">
      <Filter>ソース ファイル\Server\CurlWrapper</Filter>
    </ClCompile>
    <ClCompile Include="src\Library\Cipher\OpenSSLRSA.cpp">
      <Filter>ソース ファイル\Library\Cipher\OpenSSLRSA</Filter>
    </ClCompile>
    <ClCompile Include="src\Library\json\json11.cpp">
      <Filter>ソース ファイル\Library\json</Filter>
    </ClCompile>
  </ItemGroup>
  <ItemGroup>
    <ClInclude Include="src\Library\Data.h">
      <Filter>ソース ファイル\Library</Filter>
    </ClInclude>
    <ClInclude Include="src\Library\ExtensionMutex.h">
      <Filter>ソース ファイル\Library</Filter>
    </ClInclude>
    <ClInclude Include="src\Include.h">
      <Filter>ヘッダー ファイル</Filter>
    </ClInclude>
    <ClInclude Include="src\Library\Cipher\Cipher.h">
      <Filter>ソース ファイル\Library\Cipher</Filter>
    </ClInclude>
    <ClInclude Include="src\Library\Cipher\OpenSSLAES.h">
      <Filter>ソース ファイル\Library\Cipher\OpenSSLAES</Filter>
    </ClInclude>
    <ClInclude Include="src\Library\Cipher\OpenSSLDH.h">
      <Filter>ソース ファイル\Library\Cipher\OpenSSLDH</Filter>
    </ClInclude>
    <ClInclude Include="src\LibraryInclude.h">
      <Filter>ヘッダー ファイル</Filter>
    </ClInclude>
    <ClInclude Include="src\Server\Client.h">
      <Filter>ソース ファイル\Server</Filter>
    </ClInclude>
    <ClInclude Include="src\Server\ClientController.h">
      <Filter>ソース ファイル\Server</Filter>
    </ClInclude>
    <ClInclude Include="src\Server\Socket.h">
      <Filter>ソース ファイル\Server</Filter>
    </ClInclude>
    <ClInclude Include="src\Server\CurlWrapper.h">
      <Filter>ソース ファイル\Server\CurlWrapper</Filter>
    </ClInclude>
    <ClInclude Include="src\Library\Cipher\OpenSSLRSA.h">
      <Filter>ソース ファイル\Library\Cipher\OpenSSLRSA</Filter>
    </ClInclude>
    <ClInclude Include="src\Library\json\json11.hpp">
      <Filter>ソース ファイル\Library\json</Filter>
    </ClInclude>
    <ClInclude Include="src\Server\Server.h">
      <Filter>ソース ファイル\Server</Filter>
    </ClInclude>
  </ItemGroup>
</Project>